
Microsoft Visual Studio Solution File, Format Version 12.00
# Visual Studio Version 16
VisualStudioVersion = 16.0.31729.503
MinimumVisualStudioVersion = 10.0.40219.1
Project("{FAE04EC0-301F-11D3-BF4B-00C04F79EFBC}") = "PP", "PP\PP.csproj", "{29B8A007-DBB7-4F4D-BD0E-B0668DC96E5E}"
EndProject
Global
	GlobalSection(SolutionConfigurationPlatforms) = preSolution
		Debug|Any CPU = Debug|Any CPU
		Release|Any CPU = Release|Any CPU
	EndGlobalSection
	GlobalSection(ProjectConfigurationPlatforms) = postSolution
		{29B8A007-DBB7-4F4D-BD0E-B0668DC96E5E}.Debug|Any CPU.ActiveCfg = Debug|Any CPU
		{29B8A007-DBB7-4F4D-BD0E-B0668DC96E5E}.Debug|Any CPU.Build.0 = Debug|Any CPU
		{29B8A007-DBB7-4F4D-BD0E-B0668DC96E5E}.Release|Any CPU.ActiveCfg = Release|Any CPU
		{29B8A007-DBB7-4F4D-BD0E-B0668DC96E5E}.Release|Any CPU.Build.0 = Release|Any CPU
	EndGlobalSection
	GlobalSection(SolutionProperties) = preSolution
		HideSolutionNode = FALSE
	EndGlobalSection
	GlobalSection(ExtensibilityGlobals) = postSolution
		SolutionGuid = {2D1FA894-70A6-4140-8436-AE445170F8E3}
	EndGlobalSection
EndGlobal
