
Microsoft Visual Studio Solution File, Format Version 12.00
# Visual Studio Version 16
VisualStudioVersion = 16.0.31729.503
MinimumVisualStudioVersion = 10.0.40219.1
Project("{FAE04EC0-301F-11D3-BF4B-00C04F79EFBC}") = "cspn", "cspn\cspn.csproj", "{43CC2D1D-E89A-4A07-BDE0-77159669A0CA}"
EndProject
Global
	GlobalSection(SolutionConfigurationPlatforms) = preSolution
		Debug|Any CPU = Debug|Any CPU
		Release|Any CPU = Release|Any CPU
	EndGlobalSection
	GlobalSection(ProjectConfigurationPlatforms) = postSolution
		{43CC2D1D-E89A-4A07-BDE0-77159669A0CA}.Debug|Any CPU.ActiveCfg = Debug|Any CPU
		{43CC2D1D-E89A-4A07-BDE0-77159669A0CA}.Debug|Any CPU.Build.0 = Debug|Any CPU
		{43CC2D1D-E89A-4A07-BDE0-77159669A0CA}.Release|Any CPU.ActiveCfg = Release|Any CPU
		{43CC2D1D-E89A-4A07-BDE0-77159669A0CA}.Release|Any CPU.Build.0 = Release|Any CPU
	EndGlobalSection
	GlobalSection(SolutionProperties) = preSolution
		HideSolutionNode = FALSE
	EndGlobalSection
	GlobalSection(ExtensibilityGlobals) = postSolution
		SolutionGuid = {7ECAE075-A74C-4E2E-827F-9FF907AE60EA}
	EndGlobalSection
EndGlobal
