
Microsoft Visual Studio Solution File, Format Version 12.00
# Visual Studio Version 16
VisualStudioVersion = 16.0.31729.503
MinimumVisualStudioVersion = 10.0.40219.1
Project("{FAE04EC0-301F-11D3-BF4B-00C04F79EFBC}") = "1111", "1111\1111.csproj", "{78573E74-1C74-4B38-B0E6-26FE7618D261}"
	ProjectSection(ProjectDependencies) = postProject
		{7D4A9158-93D1-4F6C-8B90-9FEA4EFDB24D} = {7D4A9158-93D1-4F6C-8B90-9FEA4EFDB24D}
	EndProjectSection
EndProject
Project("{FAE04EC0-301F-11D3-BF4B-00C04F79EFBC}") = "MyLib", "USQLCSharpProject1\MyLib.csproj", "{7D4A9158-93D1-4F6C-8B90-9FEA4EFDB24D}"
EndProject
Global
	GlobalSection(SolutionConfigurationPlatforms) = preSolution
		Debug|Any CPU = Debug|Any CPU
		Release|Any CPU = Release|Any CPU
	EndGlobalSection
	GlobalSection(ProjectConfigurationPlatforms) = postSolution
		{78573E74-1C74-4B38-B0E6-26FE7618D261}.Debug|Any CPU.ActiveCfg = Debug|Any CPU
		{78573E74-1C74-4B38-B0E6-26FE7618D261}.Debug|Any CPU.Build.0 = Debug|Any CPU
		{78573E74-1C74-4B38-B0E6-26FE7618D261}.Release|Any CPU.ActiveCfg = Release|Any CPU
		{78573E74-1C74-4B38-B0E6-26FE7618D261}.Release|Any CPU.Build.0 = Release|Any CPU
		{7D4A9158-93D1-4F6C-8B90-9FEA4EFDB24D}.Debug|Any CPU.ActiveCfg = Debug|Any CPU
		{7D4A9158-93D1-4F6C-8B90-9FEA4EFDB24D}.Debug|Any CPU.Build.0 = Debug|Any CPU
		{7D4A9158-93D1-4F6C-8B90-9FEA4EFDB24D}.Release|Any CPU.ActiveCfg = Release|Any CPU
		{7D4A9158-93D1-4F6C-8B90-9FEA4EFDB24D}.Release|Any CPU.Build.0 = Release|Any CPU
	EndGlobalSection
	GlobalSection(SolutionProperties) = preSolution
		HideSolutionNode = FALSE
	EndGlobalSection
	GlobalSection(ExtensibilityGlobals) = postSolution
		SolutionGuid = {ABD5FBA8-6D3B-46DB-AF00-1B290339241C}
	EndGlobalSection
EndGlobal
